// !$*UTF8*$!
{
	archiveVersion = 1;
	classes = {
	};
	objectVersion = 50;
	objects = {

/* Begin PBXBuildFile section */
		D7223BF12575E177009ED746 /* Barcode_Book_ScannerApp.swift in Sources */ = {isa = PBXBuildFile; fileRef = D7223BF02575E177009ED746 /* Barcode_Book_ScannerApp.swift */; };
		D7223BF52575E179009ED746 /* Assets.xcassets in Resources */ = {isa = PBXBuildFile; fileRef = D7223BF42575E179009ED746 /* Assets.xcassets */; };
		D7223BF82575E179009ED746 /* Preview Assets.xcassets in Resources */ = {isa = PBXBuildFile; fileRef = D7223BF72575E179009ED746 /* Preview Assets.xcassets */; };
		D7223BFA2575E179009ED746 /* Persistence.swift in Sources */ = {isa = PBXBuildFile; fileRef = D7223BF92575E179009ED746 /* Persistence.swift */; };
		D7223BFD2575E179009ED746 /* Barcode_Book_Scanner.xcdatamodeld in Sources */ = {isa = PBXBuildFile; fileRef = D7223BFB2575E179009ED746 /* Barcode_Book_Scanner.xcdatamodeld */; };
		D7223C072575E329009ED746 /* ContentView.swift in Sources */ = {isa = PBXBuildFile; fileRef = D7223C062575E329009ED746 /* ContentView.swift */; };
		D7223C0B2575EE6C009ED746 /* Book.swift in Sources */ = {isa = PBXBuildFile; fileRef = D7223C0A2575EE6C009ED746 /* Book.swift */; };
		D7223C0F2575F54E009ED746 /* BookSearchManager.swift in Sources */ = {isa = PBXBuildFile; fileRef = D7223C0E2575F54E009ED746 /* BookSearchManager.swift */; };
		D7223C122575FCFB009ED746 /* BarCodeScanner.swift in Sources */ = {isa = PBXBuildFile; fileRef = D7223C112575FCFB009ED746 /* BarCodeScanner.swift */; };
/* End PBXBuildFile section */

/* Begin PBXFileReference section */
		D7223BED2575E177009ED746 /* Barcode Book Scanner.app */ = {isa = PBXFileReference; explicitFileType = wrapper.application; includeInIndex = 0; path = "Barcode Book Scanner.app"; sourceTree = BUILT_PRODUCTS_DIR; };
		D7223BF02575E177009ED746 /* Barcode_Book_ScannerApp.swift */ = {isa = PBXFileReference; lastKnownFileType = sourcecode.swift; path = Barcode_Book_ScannerApp.swift; sourceTree = "<group>"; };
		D7223BF42575E179009ED746 /* Assets.xcassets */ = {isa = PBXFileReference; lastKnownFileType = folder.assetcatalog; path = Assets.xcassets; sourceTree = "<group>"; };
		D7223BF72575E179009ED746 /* Preview Assets.xcassets */ = {isa = PBXFileReference; lastKnownFileType = folder.assetcatalog; path = "Preview Assets.xcassets"; sourceTree = "<group>"; };
		D7223BF92575E179009ED746 /* Persistence.swift */ = {isa = PBXFileReference; lastKnownFileType = sourcecode.swift; path = Persistence.swift; sourceTree = "<group>"; };
		D7223BFC2575E179009ED746 /* Barcode_Book_Scanner.xcdatamodel */ = {isa = PBXFileReference; lastKnownFileType = wrapper.xcdatamodel; path = Barcode_Book_Scanner.xcdatamodel; sourceTree = "<group>"; };
		D7223BFE2575E179009ED746 /* Info.plist */ = {isa = PBXFileReference; lastKnownFileType = text.plist.xml; path = Info.plist; sourceTree = "<group>"; };
		D7223C062575E329009ED746 /* ContentView.swift */ = {isa = PBXFileReference; fileEncoding = 4; lastKnownFileType = sourcecode.swift; path = ContentView.swift; sourceTree = "<group>"; };
		D7223C0A2575EE6C009ED746 /* Book.swift */ = {isa = PBXFileReference; lastKnownFileType = sourcecode.swift; path = Book.swift; sourceTree = "<group>"; };
		D7223C0E2575F54E009ED746 /* BookSearchManager.swift */ = {isa = PBXFileReference; lastKnownFileType = sourcecode.swift; path = BookSearchManager.swift; sourceTree = "<group>"; };
		D7223C112575FCFB009ED746 /* BarCodeScanner.swift */ = {isa = PBXFileReference; lastKnownFileType = sourcecode.swift; path = BarCodeScanner.swift; sourceTree = "<group>"; };
/* End PBXFileReference section */

/* Begin PBXFrameworksBuildPhase section */
		D7223BEA2575E177009ED746 /* Frameworks */ = {
			isa = PBXFrameworksBuildPhase;
			buildActionMask = 2147483647;
			files = (
			);
			runOnlyForDeploymentPostprocessing = 0;
		};
/* End PBXFrameworksBuildPhase section */

/* Begin PBXGroup section */
		D7223BE42575E177009ED746 = {
			isa = PBXGroup;
			children = (
				D7223BEF2575E177009ED746 /* Barcode Book Scanner */,
				D7223BEE2575E177009ED746 /* Products */,
			);
			sourceTree = "<group>";
		};
		D7223BEE2575E177009ED746 /* Products */ = {
			isa = PBXGroup;
			children = (
				D7223BED2575E177009ED746 /* Barcode Book Scanner.app */,
			);
			name = Products;
			sourceTree = "<group>";
		};
		D7223BEF2575E177009ED746 /* Barcode Book Scanner */ = {
			isa = PBXGroup;
			children = (
				D7223C112575FCFB009ED746 /* BarCodeScanner.swift */,
				D7223C0A2575EE6C009ED746 /* Book.swift */,
				D7223C0E2575F54E009ED746 /* BookSearchManager.swift */,
				D7223C062575E329009ED746 /* ContentView.swift */,
				D7223BF02575E177009ED746 /* Barcode_Book_ScannerApp.swift */,
				D7223BF42575E179009ED746 /* Assets.xcassets */,
				D7223BF92575E179009ED746 /* Persistence.swift */,
				D7223BFE2575E179009ED746 /* Info.plist */,
				D7223BFB2575E179009ED746 /* Barcode_Book_Scanner.xcdatamodeld */,
				D7223BF62575E179009ED746 /* Preview Content */,
			);
			path = "Barcode Book Scanner";
			sourceTree = "<group>";
		};
		D7223BF62575E179009ED746 /* Preview Content */ = {
			isa = PBXGroup;
			children = (
				D7223BF72575E179009ED746 /* Preview Assets.xcassets */,
			);
			path = "Preview Content";
			sourceTree = "<group>";
		};
/* End PBXGroup section */

/* Begin PBXNativeTarget section */
		D7223BEC2575E177009ED746 /* Barcode Book Scanner */ = {
			isa = PBXNativeTarget;
			buildConfigurationList = D7223C012575E179009ED746 /* Build configuration list for PBXNativeTarget "Barcode Book Scanner" */;
			buildPhases = (
				D7223BE92575E177009ED746 /* Sources */,
				D7223BEA2575E177009ED746 /* Frameworks */,
				D7223BEB2575E177009ED746 /* Resources */,
			);
			buildRules = (
			);
			dependencies = (
			);
			name = "Barcode Book Scanner";
			productName = "Barcode Book Scanner";
			productReference = D7223BED2575E177009ED746 /* Barcode Book Scanner.app */;
			productType = "com.apple.product-type.application";
		};
/* End PBXNativeTarget section */

/* Begin PBXProject section */
		D7223BE52575E177009ED746 /* Project object */ = {
			isa = PBXProject;
			attributes = {
				LastSwiftUpdateCheck = 1220;
				LastUpgradeCheck = 1220;
				TargetAttributes = {
					D7223BEC2575E177009ED746 = {
						CreatedOnToolsVersion = 12.2;
					};
				};
			};
			buildConfigurationList = D7223BE82575E177009ED746 /* Build configuration list for PBXProject "Barcode Book Scanner" */;
			compatibilityVersion = "Xcode 9.3";
			developmentRegion = en;
			hasScannedForEncodings = 0;
			knownRegions = (
				en,
				Base,
			);
			mainGroup = D7223BE42575E177009ED746;
			productRefGroup = D7223BEE2575E177009ED746 /* Products */;
			projectDirPath = "";
			projectRoot = "";
			targets = (
				D7223BEC2575E177009ED746 /* Barcode Book Scanner */,
			);
		};
/* End PBXProject section */

/* Begin PBXResourcesBuildPhase section */
		D7223BEB2575E177009ED746 /* Resources */ = {
			isa = PBXResourcesBuildPhase;
			buildActionMask = 2147483647;
			files = (
				D7223BF82575E179009ED746 /* Preview Assets.xcassets in Resources */,
				D7223BF52575E179009ED746 /* Assets.xcassets in Resources */,
			);
			runOnlyForDeploymentPostprocessing = 0;
		};
/* End PBXResourcesBuildPhase section */

/* Begin PBXSourcesBuildPhase section */
		D7223BE92575E177009ED746 /* Sources */ = {
			isa = PBXSourcesBuildPhase;
			buildActionMask = 2147483647;
			files = (
				D7223BFD2575E179009ED746 /* Barcode_Book_Scanner.xcdatamodeld in Sources */,
				D7223BFA2575E179009ED746 /* Persistence.swift in Sources */,
				D7223C122575FCFB009ED746 /* BarCodeScanner.swift in Sources */,
				D7223C072575E329009ED746 /* ContentView.swift in Sources */,
				D7223C0B2575EE6C009ED746 /* Book.swift in Sources */,
				D7223C0F2575F54E009ED746 /* BookSearchManager.swift in Sources */,
				D7223BF12575E177009ED746 /* Barcode_Book_ScannerApp.swift in Sources */,
			);
			runOnlyForDeploymentPostprocessing = 0;
		};
/* End PBXSourcesBuildPhase section */

/* Begin XCBuildConfiguration section */
		D7223BFF2575E179009ED746 /* Debug */ = {
			isa = XCBuildConfiguration;
			buildSettings = {
				ALWAYS_SEARCH_USER_PATHS = NO;
				CLANG_ANALYZER_NONNULL = YES;
				CLANG_ANALYZER_NUMBER_OBJECT_CONVERSION = YES_AGGRESSIVE;
				CLANG_CXX_LANGUAGE_STANDARD = "gnu++14";
				CLANG_CXX_LIBRARY = "libc++";
				CLANG_ENABLE_MODULES = YES;
				CLANG_ENABLE_OBJC_ARC = YES;
				CLANG_ENABLE_OBJC_WEAK = YES;
				CLANG_WARN_BLOCK_CAPTURE_AUTORELEASING = YES;
				CLANG_WARN_BOOL_CONVERSION = YES;
				CLANG_WARN_COMMA = YES;
				CLANG_WARN_CONSTANT_CONVERSION = YES;
				CLANG_WARN_DEPRECATED_OBJC_IMPLEMENTATIONS = YES;
				CLANG_WARN_DIRECT_OBJC_ISA_USAGE = YES_ERROR;
				CLANG_WARN_DOCUMENTATION_COMMENTS = YES;
				CLANG_WARN_EMPTY_BODY = YES;
				CLANG_WARN_ENUM_CONVERSION = YES;
				CLANG_WARN_INFINITE_RECURSION = YES;
				CLANG_WARN_INT_CONVERSION = YES;
				CLANG_WARN_NON_LITERAL_NULL_CONVERSION = YES;
				CLANG_WARN_OBJC_IMPLICIT_RETAIN_SELF = YES;
				CLANG_WARN_OBJC_LITERAL_CONVERSION = YES;
				CLANG_WARN_OBJC_ROOT_CLASS = YES_ERROR;
				CLANG_WARN_QUOTED_INCLUDE_IN_FRAMEWORK_HEADER = YES;
				CLANG_WARN_RANGE_LOOP_ANALYSIS = YES;
				CLANG_WARN_STRICT_PROTOTYPES = YES;
				CLANG_WARN_SUSPICIOUS_MOVE = YES;
				CLANG_WARN_UNGUARDED_AVAILABILITY = YES_AGGRESSIVE;
				CLANG_WARN_UNREACHABLE_CODE = YES;
				CLANG_WARN__DUPLICATE_METHOD_MATCH = YES;
				COPY_PHASE_STRIP = NO;
				DEBUG_INFORMATION_FORMAT = dwarf;
				ENABLE_STRICT_OBJC_MSGSEND = YES;
				ENABLE_TESTABILITY = YES;
				GCC_C_LANGUAGE_STANDARD = gnu11;
				GCC_DYNAMIC_NO_PIC = NO;
				GCC_NO_COMMON_BLOCKS = YES;
				GCC_OPTIMIZATION_LEVEL = 0;
				GCC_PREPROCESSOR_DEFINITIONS = (
					"DEBUG=1",
					"$(inherited)",
				);
				GCC_WARN_64_TO_32_BIT_CONVERSION = YES;
				GCC_WARN_ABOUT_RETURN_TYPE = YES_ERROR;
				GCC_WARN_UNDECLARED_SELECTOR = YES;
				GCC_WARN_UNINITIALIZED_AUTOS = YES_AGGRESSIVE;
				GCC_WARN_UNUSED_FUNCTION = YES;
				GCC_WARN_UNUSED_VARIABLE = YES;
				IPHONEOS_DEPLOYMENT_TARGET = 14.2;
				MTL_ENABLE_DEBUG_INFO = INCLUDE_SOURCE;
				MTL_FAST_MATH = YES;
				ONLY_ACTIVE_ARCH = YES;
				SDKROOT = iphoneos;
				SWIFT_ACTIVE_COMPILATION_CONDITIONS = DEBUG;
				SWIFT_OPTIMIZATION_LEVEL = "-Onone";
			};
			name = Debug;
		};
		D7223C002575E179009ED746 /* Release */ = {
			isa = XCBuildConfiguration;
			buildSettings = {
				ALWAYS_SEARCH_USER_PATHS = NO;
				CLANG_ANALYZER_NONNULL = YES;
				CLANG_ANALYZER_NUMBER_OBJECT_CONVERSION = YES_AGGRESSIVE;
				CLANG_CXX_LANGUAGE_STANDARD = "gnu++14";
				CLANG_CXX_LIBRARY = "libc++";
				CLANG_ENABLE_MODULES = YES;
				CLANG_ENABLE_OBJC_ARC = YES;
				CLANG_ENABLE_OBJC_WEAK = YES;
				CLANG_WARN_BLOCK_CAPTURE_AUTORELEASING = YES;
				CLANG_WARN_BOOL_CONVERSION = YES;
				CLANG_WARN_COMMA = YES;
				CLANG_WARN_CONSTANT_CONVERSION = YES;
				CLANG_WARN_DEPRECATED_OBJC_IMPLEMENTATIONS = YES;
				CLANG_WARN_DIRECT_OBJC_ISA_USAGE = YES_ERROR;
				CLANG_WARN_DOCUMENTATION_COMMENTS = YES;
				CLANG_WARN_EMPTY_BODY = YES;
				CLANG_WARN_ENUM_CONVERSION = YES;
				CLANG_WARN_INFINITE_RECURSION = YES;
				CLANG_WARN_INT_CONVERSION = YES;
				CLANG_WARN_NON_LITERAL_NULL_CONVERSION = YES;
				CLANG_WARN_OBJC_IMPLICIT_RETAIN_SELF = YES;
				CLANG_WARN_OBJC_LITERAL_CONVERSION = YES;
				CLANG_WARN_OBJC_ROOT_CLASS = YES_ERROR;
				CLANG_WARN_QUOTED_INCLUDE_IN_FRAMEWORK_HEADER = YES;
				CLANG_WARN_RANGE_LOOP_ANALYSIS = YES;
				CLANG_WARN_STRICT_PROTOTYPES = YES;
				CLANG_WARN_SUSPICIOUS_MOVE = YES;
				CLANG_WARN_UNGUARDED_AVAILABILITY = YES_AGGRESSIVE;
				CLANG_WARN_UNREACHABLE_CODE = YES;
				CLANG_WARN__DUPLICATE_METHOD_MATCH = YES;
				COPY_PHASE_STRIP = NO;
				DEBUG_INFORMATION_FORMAT = "dwarf-with-dsym";
				ENABLE_NS_ASSERTIONS = NO;
				ENABLE_STRICT_OBJC_MSGSEND = YES;
				GCC_C_LANGUAGE_STANDARD = gnu11;
				GCC_NO_COMMON_BLOCKS = YES;
				GCC_WARN_64_TO_32_BIT_CONVERSION = YES;
				GCC_WARN_ABOUT_RETURN_TYPE = YES_ERROR;
				GCC_WARN_UNDECLARED_SELECTOR = YES;
				GCC_WARN_UNINITIALIZED_AUTOS = YES_AGGRESSIVE;
				GCC_WARN_UNUSED_FUNCTION = YES;
				GCC_WARN_UNUSED_VARIABLE = YES;
				IPHONEOS_DEPLOYMENT_TARGET = 14.2;
				MTL_ENABLE_DEBUG_INFO = NO;
				MTL_FAST_MATH = YES;
				SDKROOT = iphoneos;
				SWIFT_COMPILATION_MODE = wholemodule;
				SWIFT_OPTIMIZATION_LEVEL = "-O";
				VALIDATE_PRODUCT = YES;
			};
			name = Release;
		};
		D7223C022575E179009ED746 /* Debug */ = {
			isa = XCBuildConfiguration;
			buildSettings = {
				ASSETCATALOG_COMPILER_APPICON_NAME = AppIcon;
				ASSETCATALOG_COMPILER_GLOBAL_ACCENT_COLOR_NAME = AccentColor;
				CODE_SIGN_STYLE = Automatic;
				DEVELOPMENT_ASSET_PATHS = "\"Barcode Book Scanner/Preview Content\"";
				DEVELOPMENT_TEAM = 7NSTZC9H24;
				ENABLE_PREVIEWS = YES;
				INFOPLIST_FILE = "Barcode Book Scanner/Info.plist";
				IPHONEOS_DEPLOYMENT_TARGET = 14.0;
				LD_RUNPATH_SEARCH_PATHS = (
					"$(inherited)",
					"@executable_path/Frameworks",
				);
				PRODUCT_BUNDLE_IDENTIFIER = "com.bhatt.dev.Barcode-Book-Scanner";
				PRODUCT_NAME = "$(TARGET_NAME)";
				SWIFT_VERSION = 5.0;
				TARGETED_DEVICE_FAMILY = "1,2";
			};
			name = Debug;
		};
		D7223C032575E179009ED746 /* Release */ = {
			isa = XCBuildConfiguration;
			buildSettings = {
				ASSETCATALOG_COMPILER_APPICON_NAME = AppIcon;
				ASSETCATALOG_COMPILER_GLOBAL_ACCENT_COLOR_NAME = AccentColor;
				CODE_SIGN_STYLE = Automatic;
				DEVELOPMENT_ASSET_PATHS = "\"Barcode Book Scanner/Preview Content\"";
				DEVELOPMENT_TEAM = 7NSTZC9H24;
				ENABLE_PREVIEWS = YES;
				INFOPLIST_FILE = "Barcode Book Scanner/Info.plist";
				IPHONEOS_DEPLOYMENT_TARGET = 14.0;
				LD_RUNPATH_SEARCH_PATHS = (
					"$(inherited)",
					"@executable_path/Frameworks",
				);
				PRODUCT_BUNDLE_IDENTIFIER = "com.bhatt.dev.Barcode-Book-Scanner";
				PRODUCT_NAME = "$(TARGET_NAME)";
				SWIFT_VERSION = 5.0;
				TARGETED_DEVICE_FAMILY = "1,2";
			};
			name = Release;
		};
/* End XCBuildConfiguration section */

/* Begin XCConfigurationList section */
		D7223BE82575E177009ED746 /* Build configuration list for PBXProject "Barcode Book Scanner" */ = {
			isa = XCConfigurationList;
			buildConfigurations = (
				D7223BFF2575E179009ED746 /* Debug */,
				D7223C002575E179009ED746 /* Release */,
			);
			defaultConfigurationIsVisible = 0;
			defaultConfigurationName = Release;
		};
		D7223C012575E179009ED746 /* Build configuration list for PBXNativeTarget "Barcode Book Scanner" */ = {
			isa = XCConfigurationList;
			buildConfigurations = (
				D7223C022575E179009ED746 /* Debug */,
				D7223C032575E179009ED746 /* Release */,
			);
			defaultConfigurationIsVisible = 0;
			defaultConfigurationName = Release;
		};
/* End XCConfigurationList section */

/* Begin XCVersionGroup section */
		D7223BFB2575E179009ED746 /* Barcode_Book_Scanner.xcdatamodeld */ = {
			isa = XCVersionGroup;
			children = (
				D7223BFC2575E179009ED746 /* Barcode_Book_Scanner.xcdatamodel */,
			);
			currentVersion = D7223BFC2575E179009ED746 /* Barcode_Book_Scanner.xcdatamodel */;
			path = Barcode_Book_Scanner.xcdatamodeld;
			sourceTree = "<group>";
			versionGroupType = wrapper.xcdatamodel;
		};
/* End XCVersionGroup section */
	};
	rootObject = D7223BE52575E177009ED746 /* Project object */;
}
